
Microsoft Visual Studio Solution File, Format Version 12.00
# Visual Studio Version 17
VisualStudioVersion = 17.5.33530.505
MinimumVisualStudioVersion = 10.0.40219.1
Project("{FAE04EC0-301F-11D3-BF4B-00C04F79EFBC}") = "GraphQLAPi", "GraphQLAPi.csproj", "{867247F5-06E0-47B2-B226-AFB1C57DE0AD}"
EndProject
Global
	GlobalSection(SolutionConfigurationPlatforms) = preSolution
		Debug|Any CPU = Debug|Any CPU
		Release|Any CPU = Release|Any CPU
	EndGlobalSection
	GlobalSection(ProjectConfigurationPlatforms) = postSolution
		{867247F5-06E0-47B2-B226-AFB1C57DE0AD}.Debug|Any CPU.ActiveCfg = Debug|Any CPU
		{867247F5-06E0-47B2-B226-AFB1C57DE0AD}.Debug|Any CPU.Build.0 = Debug|Any CPU
		{867247F5-06E0-47B2-B226-AFB1C57DE0AD}.Release|Any CPU.ActiveCfg = Release|Any CPU
		{867247F5-06E0-47B2-B226-AFB1C57DE0AD}.Release|Any CPU.Build.0 = Release|Any CPU
	EndGlobalSection
	GlobalSection(SolutionProperties) = preSolution
		HideSolutionNode = FALSE
	EndGlobalSection
	GlobalSection(ExtensibilityGlobals) = postSolution
		SolutionGuid = {115CF590-133B-4389-B098-E4E5C3DC1E66}
	EndGlobalSection
EndGlobal
